
Microsoft Visual Studio Solution File, Format Version 12.00
# Visual Studio Version 16
VisualStudioVersion = 16.0.28803.452
MinimumVisualStudioVersion = 15.0.26124.0
Project("{9A19103F-16F7-4668-BE54-9A1E7A4F7556}") = "Unionized.Contract", "contract\Unionized.Contract.csproj", "{E60460E3-F2DF-424F-B253-A804178E7D24}"
EndProject
Project("{9A19103F-16F7-4668-BE54-9A1E7A4F7556}") = "Unionized.Service", "service\Unionized.Service.csproj", "{9100435B-C879-4488-921D-7C8290C73B9E}"
EndProject
Project("{9A19103F-16F7-4668-BE54-9A1E7A4F7556}") = "Unionized", "core\Unionized.csproj", "{A5F10B82-D7A7-4F14-A676-39270C5C9C32}"
EndProject
Project("{9A19103F-16F7-4668-BE54-9A1E7A4F7556}") = "Unionized.Model.Database", "model\database\Unionized.Model.Database.csproj", "{7C1A44B9-4ED7-4DBF-ADE6-DDB5B66B6D4F}"
EndProject
Project("{9A19103F-16F7-4668-BE54-9A1E7A4F7556}") = "Unionized.Api", "api\Unionized.Api.csproj", "{41D2E006-DA7B-468D-8C48-D192D09AD7DC}"
EndProject
Project("{9A19103F-16F7-4668-BE54-9A1E7A4F7556}") = "Unionized.Web", "web\Unionized.Web.csproj", "{B9BCC1C9-49E2-4467-BC3D-819678CC5502}"
EndProject
Project("{9A19103F-16F7-4668-BE54-9A1E7A4F7556}") = "Unionized.Model.API", "model\api\Unionized.Model.API.csproj", "{997491A7-C573-4D28-B438-E44991A91F50}"
EndProject
Global
	GlobalSection(SolutionConfigurationPlatforms) = preSolution
		Debug|Any CPU = Debug|Any CPU
		Debug|x64 = Debug|x64
		Debug|x86 = Debug|x86
		Release|Any CPU = Release|Any CPU
		Release|x64 = Release|x64
		Release|x86 = Release|x86
	EndGlobalSection
	GlobalSection(ProjectConfigurationPlatforms) = postSolution
		{E60460E3-F2DF-424F-B253-A804178E7D24}.Debug|Any CPU.ActiveCfg = Debug|Any CPU
		{E60460E3-F2DF-424F-B253-A804178E7D24}.Debug|Any CPU.Build.0 = Debug|Any CPU
		{E60460E3-F2DF-424F-B253-A804178E7D24}.Debug|x64.ActiveCfg = Debug|Any CPU
		{E60460E3-F2DF-424F-B253-A804178E7D24}.Debug|x64.Build.0 = Debug|Any CPU
		{E60460E3-F2DF-424F-B253-A804178E7D24}.Debug|x86.ActiveCfg = Debug|Any CPU
		{E60460E3-F2DF-424F-B253-A804178E7D24}.Debug|x86.Build.0 = Debug|Any CPU
		{E60460E3-F2DF-424F-B253-A804178E7D24}.Release|Any CPU.ActiveCfg = Release|Any CPU
		{E60460E3-F2DF-424F-B253-A804178E7D24}.Release|Any CPU.Build.0 = Release|Any CPU
		{E60460E3-F2DF-424F-B253-A804178E7D24}.Release|x64.ActiveCfg = Release|Any CPU
		{E60460E3-F2DF-424F-B253-A804178E7D24}.Release|x64.Build.0 = Release|Any CPU
		{E60460E3-F2DF-424F-B253-A804178E7D24}.Release|x86.ActiveCfg = Release|Any CPU
		{E60460E3-F2DF-424F-B253-A804178E7D24}.Release|x86.Build.0 = Release|Any CPU
		{9100435B-C879-4488-921D-7C8290C73B9E}.Debug|Any CPU.ActiveCfg = Debug|Any CPU
		{9100435B-C879-4488-921D-7C8290C73B9E}.Debug|Any CPU.Build.0 = Debug|Any CPU
		{9100435B-C879-4488-921D-7C8290C73B9E}.Debug|x64.ActiveCfg = Debug|Any CPU
		{9100435B-C879-4488-921D-7C8290C73B9E}.Debug|x64.Build.0 = Debug|Any CPU
		{9100435B-C879-4488-921D-7C8290C73B9E}.Debug|x86.ActiveCfg = Debug|Any CPU
		{9100435B-C879-4488-921D-7C8290C73B9E}.Debug|x86.Build.0 = Debug|Any CPU
		{9100435B-C879-4488-921D-7C8290C73B9E}.Release|Any CPU.ActiveCfg = Release|Any CPU
		{9100435B-C879-4488-921D-7C8290C73B9E}.Release|Any CPU.Build.0 = Release|Any CPU
		{9100435B-C879-4488-921D-7C8290C73B9E}.Release|x64.ActiveCfg = Release|Any CPU
		{9100435B-C879-4488-921D-7C8290C73B9E}.Release|x64.Build.0 = Release|Any CPU
		{9100435B-C879-4488-921D-7C8290C73B9E}.Release|x86.ActiveCfg = Release|Any CPU
		{9100435B-C879-4488-921D-7C8290C73B9E}.Release|x86.Build.0 = Release|Any CPU
		{A5F10B82-D7A7-4F14-A676-39270C5C9C32}.Debug|Any CPU.ActiveCfg = Debug|Any CPU
		{A5F10B82-D7A7-4F14-A676-39270C5C9C32}.Debug|Any CPU.Build.0 = Debug|Any CPU
		{A5F10B82-D7A7-4F14-A676-39270C5C9C32}.Debug|x64.ActiveCfg = Debug|Any CPU
		{A5F10B82-D7A7-4F14-A676-39270C5C9C32}.Debug|x64.Build.0 = Debug|Any CPU
		{A5F10B82-D7A7-4F14-A676-39270C5C9C32}.Debug|x86.ActiveCfg = Debug|Any CPU
		{A5F10B82-D7A7-4F14-A676-39270C5C9C32}.Debug|x86.Build.0 = Debug|Any CPU
		{A5F10B82-D7A7-4F14-A676-39270C5C9C32}.Release|Any CPU.ActiveCfg = Release|Any CPU
		{A5F10B82-D7A7-4F14-A676-39270C5C9C32}.Release|Any CPU.Build.0 = Release|Any CPU
		{A5F10B82-D7A7-4F14-A676-39270C5C9C32}.Release|x64.ActiveCfg = Release|Any CPU
		{A5F10B82-D7A7-4F14-A676-39270C5C9C32}.Release|x64.Build.0 = Release|Any CPU
		{A5F10B82-D7A7-4F14-A676-39270C5C9C32}.Release|x86.ActiveCfg = Release|Any CPU
		{A5F10B82-D7A7-4F14-A676-39270C5C9C32}.Release|x86.Build.0 = Release|Any CPU
		{7C1A44B9-4ED7-4DBF-ADE6-DDB5B66B6D4F}.Debug|Any CPU.ActiveCfg = Debug|Any CPU
		{7C1A44B9-4ED7-4DBF-ADE6-DDB5B66B6D4F}.Debug|Any CPU.Build.0 = Debug|Any CPU
		{7C1A44B9-4ED7-4DBF-ADE6-DDB5B66B6D4F}.Debug|x64.ActiveCfg = Debug|Any CPU
		{7C1A44B9-4ED7-4DBF-ADE6-DDB5B66B6D4F}.Debug|x64.Build.0 = Debug|Any CPU
		{7C1A44B9-4ED7-4DBF-ADE6-DDB5B66B6D4F}.Debug|x86.ActiveCfg = Debug|Any CPU
		{7C1A44B9-4ED7-4DBF-ADE6-DDB5B66B6D4F}.Debug|x86.Build.0 = Debug|Any CPU
		{7C1A44B9-4ED7-4DBF-ADE6-DDB5B66B6D4F}.Release|Any CPU.ActiveCfg = Release|Any CPU
		{7C1A44B9-4ED7-4DBF-ADE6-DDB5B66B6D4F}.Release|Any CPU.Build.0 = Release|Any CPU
		{7C1A44B9-4ED7-4DBF-ADE6-DDB5B66B6D4F}.Release|x64.ActiveCfg = Release|Any CPU
		{7C1A44B9-4ED7-4DBF-ADE6-DDB5B66B6D4F}.Release|x64.Build.0 = Release|Any CPU
		{7C1A44B9-4ED7-4DBF-ADE6-DDB5B66B6D4F}.Release|x86.ActiveCfg = Release|Any CPU
		{7C1A44B9-4ED7-4DBF-ADE6-DDB5B66B6D4F}.Release|x86.Build.0 = Release|Any CPU
		{41D2E006-DA7B-468D-8C48-D192D09AD7DC}.Debug|Any CPU.ActiveCfg = Debug|Any CPU
		{41D2E006-DA7B-468D-8C48-D192D09AD7DC}.Debug|Any CPU.Build.0 = Debug|Any CPU
		{41D2E006-DA7B-468D-8C48-D192D09AD7DC}.Debug|x64.ActiveCfg = Debug|Any CPU
		{41D2E006-DA7B-468D-8C48-D192D09AD7DC}.Debug|x64.Build.0 = Debug|Any CPU
		{41D2E006-DA7B-468D-8C48-D192D09AD7DC}.Debug|x86.ActiveCfg = Debug|Any CPU
		{41D2E006-DA7B-468D-8C48-D192D09AD7DC}.Debug|x86.Build.0 = Debug|Any CPU
		{41D2E006-DA7B-468D-8C48-D192D09AD7DC}.Release|Any CPU.ActiveCfg = Release|Any CPU
		{41D2E006-DA7B-468D-8C48-D192D09AD7DC}.Release|Any CPU.Build.0 = Release|Any CPU
		{41D2E006-DA7B-468D-8C48-D192D09AD7DC}.Release|x64.ActiveCfg = Release|Any CPU
		{41D2E006-DA7B-468D-8C48-D192D09AD7DC}.Release|x64.Build.0 = Release|Any CPU
		{41D2E006-DA7B-468D-8C48-D192D09AD7DC}.Release|x86.ActiveCfg = Release|Any CPU
		{41D2E006-DA7B-468D-8C48-D192D09AD7DC}.Release|x86.Build.0 = Release|Any CPU
		{B9BCC1C9-49E2-4467-BC3D-819678CC5502}.Debug|Any CPU.ActiveCfg = Debug|Any CPU
		{B9BCC1C9-49E2-4467-BC3D-819678CC5502}.Debug|Any CPU.Build.0 = Debug|Any CPU
		{B9BCC1C9-49E2-4467-BC3D-819678CC5502}.Debug|x64.ActiveCfg = Debug|Any CPU
		{B9BCC1C9-49E2-4467-BC3D-819678CC5502}.Debug|x64.Build.0 = Debug|Any CPU
		{B9BCC1C9-49E2-4467-BC3D-819678CC5502}.Debug|x86.ActiveCfg = Debug|Any CPU
		{B9BCC1C9-49E2-4467-BC3D-819678CC5502}.Debug|x86.Build.0 = Debug|Any CPU
		{B9BCC1C9-49E2-4467-BC3D-819678CC5502}.Release|Any CPU.ActiveCfg = Release|Any CPU
		{B9BCC1C9-49E2-4467-BC3D-819678CC5502}.Release|Any CPU.Build.0 = Release|Any CPU
		{B9BCC1C9-49E2-4467-BC3D-819678CC5502}.Release|x64.ActiveCfg = Release|Any CPU
		{B9BCC1C9-49E2-4467-BC3D-819678CC5502}.Release|x64.Build.0 = Release|Any CPU
		{B9BCC1C9-49E2-4467-BC3D-819678CC5502}.Release|x86.ActiveCfg = Release|Any CPU
		{B9BCC1C9-49E2-4467-BC3D-819678CC5502}.Release|x86.Build.0 = Release|Any CPU
		{997491A7-C573-4D28-B438-E44991A91F50}.Debug|Any CPU.ActiveCfg = Debug|Any CPU
		{997491A7-C573-4D28-B438-E44991A91F50}.Debug|Any CPU.Build.0 = Debug|Any CPU
		{997491A7-C573-4D28-B438-E44991A91F50}.Debug|x64.ActiveCfg = Debug|Any CPU
		{997491A7-C573-4D28-B438-E44991A91F50}.Debug|x64.Build.0 = Debug|Any CPU
		{997491A7-C573-4D28-B438-E44991A91F50}.Debug|x86.ActiveCfg = Debug|Any CPU
		{997491A7-C573-4D28-B438-E44991A91F50}.Debug|x86.Build.0 = Debug|Any CPU
		{997491A7-C573-4D28-B438-E44991A91F50}.Release|Any CPU.ActiveCfg = Release|Any CPU
		{997491A7-C573-4D28-B438-E44991A91F50}.Release|Any CPU.Build.0 = Release|Any CPU
		{997491A7-C573-4D28-B438-E44991A91F50}.Release|x64.ActiveCfg = Release|Any CPU
		{997491A7-C573-4D28-B438-E44991A91F50}.Release|x64.Build.0 = Release|Any CPU
		{997491A7-C573-4D28-B438-E44991A91F50}.Release|x86.ActiveCfg = Release|Any CPU
		{997491A7-C573-4D28-B438-E44991A91F50}.Release|x86.Build.0 = Release|Any CPU
	EndGlobalSection
	GlobalSection(SolutionProperties) = preSolution
		HideSolutionNode = FALSE
	EndGlobalSection
	GlobalSection(ExtensibilityGlobals) = postSolution
		SolutionGuid = {6D865314-EB4E-48C7-BE2F-80C0D92ABFF7}
	EndGlobalSection
EndGlobal
